
Microsoft Visual Studio Solution File, Format Version 12.00
# Visual Studio 14
VisualStudioVersion = 14.0.25420.1
MinimumVisualStudioVersion = 10.0.40219.1
Project("{FAE04EC0-301F-11D3-BF4B-00C04F79EFBC}") = "OwinLocalhost", "OwinLocalhost\OwinLocalhost.csproj", "{CF042262-9711-4813-AAA3-6E3EBD2ADD56}"
EndProject
Project("{FAE04EC0-301F-11D3-BF4B-00C04F79EFBC}") = "OGCEntity", "OGCEntity\OGCEntity.csproj", "{F1D1486E-AD60-497F-9180-22C96B2A9171}"
EndProject
Project("{FAE04EC0-301F-11D3-BF4B-00C04F79EFBC}") = "OGCOdataAPI", "OGCOdataAPI\OGCOdataAPI.csproj", "{975A3674-7CB0-4145-875E-363E1520A4B3}"
EndProject
Global
	GlobalSection(SolutionConfigurationPlatforms) = preSolution
		Debug|Any CPU = Debug|Any CPU
		Release|Any CPU = Release|Any CPU
	EndGlobalSection
	GlobalSection(ProjectConfigurationPlatforms) = postSolution
		{CF042262-9711-4813-AAA3-6E3EBD2ADD56}.Debug|Any CPU.ActiveCfg = Debug|Any CPU
		{CF042262-9711-4813-AAA3-6E3EBD2ADD56}.Debug|Any CPU.Build.0 = Debug|Any CPU
		{CF042262-9711-4813-AAA3-6E3EBD2ADD56}.Release|Any CPU.ActiveCfg = Release|Any CPU
		{CF042262-9711-4813-AAA3-6E3EBD2ADD56}.Release|Any CPU.Build.0 = Release|Any CPU
		{F1D1486E-AD60-497F-9180-22C96B2A9171}.Debug|Any CPU.ActiveCfg = Debug|Any CPU
		{F1D1486E-AD60-497F-9180-22C96B2A9171}.Debug|Any CPU.Build.0 = Debug|Any CPU
		{F1D1486E-AD60-497F-9180-22C96B2A9171}.Release|Any CPU.ActiveCfg = Release|Any CPU
		{F1D1486E-AD60-497F-9180-22C96B2A9171}.Release|Any CPU.Build.0 = Release|Any CPU
		{975A3674-7CB0-4145-875E-363E1520A4B3}.Debug|Any CPU.ActiveCfg = Debug|Any CPU
		{975A3674-7CB0-4145-875E-363E1520A4B3}.Debug|Any CPU.Build.0 = Debug|Any CPU
		{975A3674-7CB0-4145-875E-363E1520A4B3}.Release|Any CPU.ActiveCfg = Release|Any CPU
		{975A3674-7CB0-4145-875E-363E1520A4B3}.Release|Any CPU.Build.0 = Release|Any CPU
	EndGlobalSection
	GlobalSection(SolutionProperties) = preSolution
		HideSolutionNode = FALSE
	EndGlobalSection
EndGlobal
